
Microsoft Visual Studio Solution File, Format Version 12.00
# Visual Studio Version 17
VisualStudioVersion = 17.14.36623.8
MinimumVisualStudioVersion = 10.0.40219.1
Project("{FAE04EC0-301F-11D3-BF4B-00C04F79EFBC}") = "GameWeb.API", "GameWeb.API\GameWeb.API.csproj", "{58EABD63-8F51-4683-96CB-C285CA8FC663}"
EndProject
Project("{FAE04EC0-301F-11D3-BF4B-00C04F79EFBC}") = "GameFrontEnd.Mvc", "GameFrontEnd.Mvc\GameFrontEnd.Mvc.csproj", "{6FBB93F9-0A06-C314-A6B2-8678DB8A5E97}"
EndProject
Project("{FAE04EC0-301F-11D3-BF4B-00C04F79EFBC}") = "GameManager.Core", "GameManager.Core\GameManager.Core.csproj", "{6A5FBC55-4D9D-4D94-997A-149E819A2F2C}"
EndProject
Project("{FAE04EC0-301F-11D3-BF4B-00C04F79EFBC}") = "GameManager.Infrastructure", "GameManager.Infrastructure\GameManager.Infrastructure.csproj", "{ACC2A987-28B7-42E2-BCFF-2B39267D34A4}"
EndProject
Global
	GlobalSection(SolutionConfigurationPlatforms) = preSolution
		Debug|Any CPU = Debug|Any CPU
		Release|Any CPU = Release|Any CPU
	EndGlobalSection
	GlobalSection(ProjectConfigurationPlatforms) = postSolution
		{58EABD63-8F51-4683-96CB-C285CA8FC663}.Debug|Any CPU.ActiveCfg = Debug|Any CPU
		{58EABD63-8F51-4683-96CB-C285CA8FC663}.Debug|Any CPU.Build.0 = Debug|Any CPU
		{58EABD63-8F51-4683-96CB-C285CA8FC663}.Release|Any CPU.ActiveCfg = Release|Any CPU
		{58EABD63-8F51-4683-96CB-C285CA8FC663}.Release|Any CPU.Build.0 = Release|Any CPU
		{6FBB93F9-0A06-C314-A6B2-8678DB8A5E97}.Debug|Any CPU.ActiveCfg = Debug|Any CPU
		{6FBB93F9-0A06-C314-A6B2-8678DB8A5E97}.Debug|Any CPU.Build.0 = Debug|Any CPU
		{6FBB93F9-0A06-C314-A6B2-8678DB8A5E97}.Release|Any CPU.ActiveCfg = Release|Any CPU
		{6FBB93F9-0A06-C314-A6B2-8678DB8A5E97}.Release|Any CPU.Build.0 = Release|Any CPU
		{6A5FBC55-4D9D-4D94-997A-149E819A2F2C}.Debug|Any CPU.ActiveCfg = Debug|Any CPU
		{6A5FBC55-4D9D-4D94-997A-149E819A2F2C}.Debug|Any CPU.Build.0 = Debug|Any CPU
		{6A5FBC55-4D9D-4D94-997A-149E819A2F2C}.Release|Any CPU.ActiveCfg = Release|Any CPU
		{6A5FBC55-4D9D-4D94-997A-149E819A2F2C}.Release|Any CPU.Build.0 = Release|Any CPU
		{ACC2A987-28B7-42E2-BCFF-2B39267D34A4}.Debug|Any CPU.ActiveCfg = Debug|Any CPU
		{ACC2A987-28B7-42E2-BCFF-2B39267D34A4}.Debug|Any CPU.Build.0 = Debug|Any CPU
		{ACC2A987-28B7-42E2-BCFF-2B39267D34A4}.Release|Any CPU.ActiveCfg = Release|Any CPU
		{ACC2A987-28B7-42E2-BCFF-2B39267D34A4}.Release|Any CPU.Build.0 = Release|Any CPU
	EndGlobalSection
	GlobalSection(SolutionProperties) = preSolution
		HideSolutionNode = FALSE
	EndGlobalSection
	GlobalSection(ExtensibilityGlobals) = postSolution
		SolutionGuid = {F018392B-534B-4237-AB2F-BE9155D67757}
	EndGlobalSection
EndGlobal
